// !$*UTF8*$!
{
	archiveVersion = 1;
	classes = {
	};
	objectVersion = 77;
	objects = {

/* Begin PBXBuildFile section */
		AD2CC7F92FBCC7C90034B9D1 /* Assets.xcassets in Resources */ = {isa = PBXBuildFile; fileRef = AD2CC7F32FBCC7C90034B9D1 /* Assets.xcassets */; };
		AD2CC80A2FBCD00C0034B9D1 /* Subscription.swift in Sources */ = {isa = PBXBuildFile; fileRef = AD2CC8092FBCD00C0034B9D1 /* Subscription.swift */; };
		AD2CC80B2FBCD00C0034B9D1 /* Category.swift in Sources */ = {isa = PBXBuildFile; fileRef = AD2CC8082FBCD00C0034B9D1 /* Category.swift */; };
		AD2CC80C2FBCD00C0034B9D1 /* BillingCycle.swift in Sources */ = {isa = PBXBuildFile; fileRef = AD2CC8072FBCD00C0034B9D1 /* BillingCycle.swift */; };
		AD2CC80D2FBCD4E80034B9D1 /* SubsqManagerApp.swift in Sources */ = {isa = PBXBuildFile; fileRef = AD2CC7E12FBCC7C90034B9D1 /* SubsqManagerApp.swift */; };
		AD2CC80E2FBCD50C0034B9D1 /* ContentView.swift in Sources */ = {isa = PBXBuildFile; fileRef = AD2CC7DF2FBCC7C90034B9D1 /* ContentView.swift */; };
		AD2CC8102FBCD54B0034B9D1 /* Assets.xcassets in Resources */ = {isa = PBXBuildFile; fileRef = AD2CC7F32FBCC7C90034B9D1 /* Assets.xcassets */; };
		AD2CC8272FBD48160034B9D1 /* NotificationService.swift in Sources */ = {isa = PBXBuildFile; fileRef = AD2CC8262FBD48160034B9D1 /* NotificationService.swift */; };
		AD2CC8292FBD50340034B9D1 /* PaymentDateCalculator.swift in Sources */ = {isa = PBXBuildFile; fileRef = AD2CC8282FBD50340034B9D1 /* PaymentDateCalculator.swift */; };
		AD2CC82B2FBD50E60034B9D1 /* CurrencyHelper.swift in Sources */ = {isa = PBXBuildFile; fileRef = AD2CC82A2FBD50E60034B9D1 /* CurrencyHelper.swift */; };
		AD2CC82E2FBD52D90034B9D1 /* EditSubscriptionViewModel.swift in Sources */ = {isa = PBXBuildFile; fileRef = AD2CC82D2FBD52D90034B9D1 /* EditSubscriptionViewModel.swift */; };
		AD2CC82F2FBD52D90034B9D1 /* AddSubscriptionViewModel.swift in Sources */ = {isa = PBXBuildFile; fileRef = AD2CC82C2FBD52D90034B9D1 /* AddSubscriptionViewModel.swift */; };
		AD2CC8332FBD52F60034B9D1 /* AddSubscriptionView.swift in Sources */ = {isa = PBXBuildFile; fileRef = AD2CC8302FBD52F60034B9D1 /* AddSubscriptionView.swift */; };
		AD2CC8342FBD52F60034B9D1 /* EditSubscriptionView.swift in Sources */ = {isa = PBXBuildFile; fileRef = AD2CC8312FBD52F60034B9D1 /* EditSubscriptionView.swift */; };
		AD2CC8352FBD52F60034B9D1 /* SubscriptionFormSections.swift in Sources */ = {isa = PBXBuildFile; fileRef = AD2CC8322FBD52F60034B9D1 /* SubscriptionFormSections.swift */; };
		AD2CC8372FBD53620034B9D1 /* DashboardViewModel.swift in Sources */ = {isa = PBXBuildFile; fileRef = AD2CC8362FBD53620034B9D1 /* DashboardViewModel.swift */; };
		AD2CC8392FBD53700034B9D1 /* DashboardView.swift in Sources */ = {isa = PBXBuildFile; fileRef = AD2CC8382FBD53700034B9D1 /* DashboardView.swift */; };
		AD2CC83B2FBD53850034B9D1 /* SettingsView.swift in Sources */ = {isa = PBXBuildFile; fileRef = AD2CC83A2FBD53850034B9D1 /* SettingsView.swift */; };
		AD2CC83D2FBD53960034B9D1 /* SubscriptionListViewModel.swift in Sources */ = {isa = PBXBuildFile; fileRef = AD2CC83C2FBD53960034B9D1 /* SubscriptionListViewModel.swift */; };
		AD2CC83F2FBD53A00034B9D1 /* SubscriptionListView.swift in Sources */ = {isa = PBXBuildFile; fileRef = AD2CC83E2FBD53A00034B9D1 /* SubscriptionListView.swift */; };
		AD2CC8412FBD55980034B9D1 /* CategoryChartView.swift in Sources */ = {isa = PBXBuildFile; fileRef = AD2CC8402FBD55980034B9D1 /* CategoryChartView.swift */; };
		AD2CC8492FBD59D20034B9D1 /* CalendarViewModel.swift in Sources */ = {isa = PBXBuildFile; fileRef = AD2CC8432FBD59D20034B9D1 /* CalendarViewModel.swift */; };
		AD2CC84A2FBD59D20034B9D1 /* CalendarView.swift in Sources */ = {isa = PBXBuildFile; fileRef = AD2CC8462FBD59D20034B9D1 /* CalendarView.swift */; };
		AD2CC84B2FBD59D20034B9D1 /* CalendarDateCell.swift in Sources */ = {isa = PBXBuildFile; fileRef = AD2CC8452FBD59D20034B9D1 /* CalendarDateCell.swift */; };
		AD2CC8522FBD70280034B9D1 /* ReviewSummaryView.swift in Sources */ = {isa = PBXBuildFile; fileRef = AD2CC84E2FBD70280034B9D1 /* ReviewSummaryView.swift */; };
		AD2CC8532FBD70280034B9D1 /* ReviewWizardView.swift in Sources */ = {isa = PBXBuildFile; fileRef = AD2CC84F2FBD70280034B9D1 /* ReviewWizardView.swift */; };
		AD2CC8542FBD70280034B9D1 /* ReviewWizardViewModel.swift in Sources */ = {isa = PBXBuildFile; fileRef = AD2CC84C2FBD70280034B9D1 /* ReviewWizardViewModel.swift */; };
		AD2CC8562FBD709B0034B9D1 /* SubscriptionPreset.swift in Sources */ = {isa = PBXBuildFile; fileRef = AD2CC8552FBD709B0034B9D1 /* SubscriptionPreset.swift */; };
		AD2CC8582FBD73DA0034B9D1 /* PastSubscriptionsView.swift in Sources */ = {isa = PBXBuildFile; fileRef = AD2CC8572FBD73DA0034B9D1 /* PastSubscriptionsView.swift */; };
		AD2CC85E2FBD84A00034B9D1 /* AnalysisView.swift in Sources */ = {isa = PBXBuildFile; fileRef = AD2CC85B2FBD84A00034B9D1 /* AnalysisView.swift */; };
		AD2CC85F2FBD84A00034B9D1 /* AnalysisViewModel.swift in Sources */ = {isa = PBXBuildFile; fileRef = AD2CC8592FBD84A00034B9D1 /* AnalysisViewModel.swift */; };
		AD2CC8622FBD84B50034B9D1 /* CSVExportDocument.swift in Sources */ = {isa = PBXBuildFile; fileRef = AD2CC8602FBD84B50034B9D1 /* CSVExportDocument.swift */; };
		AD2CC8652FBD84D00034B9D1 /* SettingsViewModel.swift in Sources */ = {isa = PBXBuildFile; fileRef = AD2CC8632FBD84D00034B9D1 /* SettingsViewModel.swift */; };
		AD2CC8692FBD88C20034B9D1 /* SummaryCardView.swift in Sources */ = {isa = PBXBuildFile; fileRef = AD2CC8662FBD88C20034B9D1 /* SummaryCardView.swift */; };
		AD2CC86A2FBD88C20034B9D1 /* UpcomingRowView.swift in Sources */ = {isa = PBXBuildFile; fileRef = AD2CC8672FBD88C20034B9D1 /* UpcomingRowView.swift */; };
		AD2CC86E2FBD939D0034B9D1 /* OnboardingView.swift in Sources */ = {isa = PBXBuildFile; fileRef = AD2CC86B2FBD939D0034B9D1 /* OnboardingView.swift */; };
		AD2CC8702FBD9E450034B9D1 /* PresetSelectionWizard.swift in Sources */ = {isa = PBXBuildFile; fileRef = AD2CC86F2FBD9E450034B9D1 /* PresetSelectionWizard.swift */; };
		AD2CC8782FBDB0550034B9D1 /* WidgetKit.framework in Frameworks */ = {isa = PBXBuildFile; fileRef = AD2CC8772FBDB0550034B9D1 /* WidgetKit.framework */; };
		AD2CC87A2FBDB0550034B9D1 /* SwiftUI.framework in Frameworks */ = {isa = PBXBuildFile; fileRef = AD2CC8792FBDB0550034B9D1 /* SwiftUI.framework */; };
		AD2CC8892FBDB0570034B9D1 /* SubsqManagerWidgetExtension.appex in Embed Foundation Extensions */ = {isa = PBXBuildFile; fileRef = AD2CC8752FBDB0550034B9D1 /* SubsqManagerWidgetExtension.appex */; settings = {ATTRIBUTES = (RemoveHeadersOnCopy, ); }; };
		AD2CC8932FBDF6E80034B9D1 /* CurrencyHelper.swift in Sources */ = {isa = PBXBuildFile; fileRef = AD2CC82A2FBD50E60034B9D1 /* CurrencyHelper.swift */; };
		AD2CC8942FBDF6F30034B9D1 /* SubscriptionPreset.swift in Sources */ = {isa = PBXBuildFile; fileRef = AD2CC8552FBD709B0034B9D1 /* SubscriptionPreset.swift */; };
		AD2CC8952FBDF6F90034B9D1 /* BillingCycle.swift in Sources */ = {isa = PBXBuildFile; fileRef = AD2CC8072FBCD00C0034B9D1 /* BillingCycle.swift */; };
		AD2CC8962FBDF6FE0034B9D1 /* Category.swift in Sources */ = {isa = PBXBuildFile; fileRef = AD2CC8082FBCD00C0034B9D1 /* Category.swift */; };
		ADA2E6C72FBDFF07002D7706 /* Subscription.swift in Sources */ = {isa = PBXBuildFile; fileRef = AD2CC8092FBCD00C0034B9D1 /* Subscription.swift */; };
		ADA2E6C82FBDFF18002D7706 /* PaymentDateCalculator.swift in Sources */ = {isa = PBXBuildFile; fileRef = AD2CC8282FBD50340034B9D1 /* PaymentDateCalculator.swift */; };
/* End PBXBuildFile section */

/* Begin PBXContainerItemProxy section */
		AD2CC7C32FBCC2040034B9D1 /* PBXContainerItemProxy */ = {
			isa = PBXContainerItemProxy;
			containerPortal = AD2CC7AB2FBCC2020034B9D1 /* Project object */;
			proxyType = 1;
			remoteGlobalIDString = AD2CC7B22FBCC2020034B9D1;
			remoteInfo = SubsqManager;
		};
		AD2CC7CD2FBCC2040034B9D1 /* PBXContainerItemProxy */ = {
			isa = PBXContainerItemProxy;
			containerPortal = AD2CC7AB2FBCC2020034B9D1 /* Project object */;
			proxyType = 1;
			remoteGlobalIDString = AD2CC7B22FBCC2020034B9D1;
			remoteInfo = SubsqManager;
		};
		AD2CC8872FBDB0570034B9D1 /* PBXContainerItemProxy */ = {
			isa = PBXContainerItemProxy;
			containerPortal = AD2CC7AB2FBCC2020034B9D1 /* Project object */;
			proxyType = 1;
			remoteGlobalIDString = AD2CC8742FBDB0550034B9D1;
			remoteInfo = SubsqManagerWidgetExtension;
		};
/* End PBXContainerItemProxy section */

/* Begin PBXCopyFilesBuildPhase section */
		AD2CC88E2FBDB0570034B9D1 /* Embed Foundation Extensions */ = {
			isa = PBXCopyFilesBuildPhase;
			buildActionMask = 2147483647;
			dstPath = "";
			dstSubfolderSpec = 13;
			files = (
				AD2CC8892FBDB0570034B9D1 /* SubsqManagerWidgetExtension.appex in Embed Foundation Extensions */,
			);
			name = "Embed Foundation Extensions";
			runOnlyForDeploymentPostprocessing = 0;
		};
/* End PBXCopyFilesBuildPhase section */

/* Begin PBXFileReference section */
		AD2CC7B32FBCC2020034B9D1 /* SubsqManager.app */ = {isa = PBXFileReference; explicitFileType = wrapper.application; includeInIndex = 0; path = SubsqManager.app; sourceTree = BUILT_PRODUCTS_DIR; };
		AD2CC7C22FBCC2040034B9D1 /* SubsqManagerTests.xctest */ = {isa = PBXFileReference; explicitFileType = wrapper.cfbundle; includeInIndex = 0; path = SubsqManagerTests.xctest; sourceTree = BUILT_PRODUCTS_DIR; };
		AD2CC7CC2FBCC2040034B9D1 /* SubsqManagerUITests.xctest */ = {isa = PBXFileReference; explicitFileType = wrapper.cfbundle; includeInIndex = 0; path = SubsqManagerUITests.xctest; sourceTree = BUILT_PRODUCTS_DIR; };
		AD2CC7DF2FBCC7C90034B9D1 /* ContentView.swift */ = {isa = PBXFileReference; lastKnownFileType = sourcecode.swift; path = ContentView.swift; sourceTree = "<group>"; };
		AD2CC7E12FBCC7C90034B9D1 /* SubsqManagerApp.swift */ = {isa = PBXFileReference; lastKnownFileType = sourcecode.swift; path = SubsqManagerApp.swift; sourceTree = "<group>"; };
		AD2CC7F32FBCC7C90034B9D1 /* Assets.xcassets */ = {isa = PBXFileReference; lastKnownFileType = folder.assetcatalog; path = Assets.xcassets; sourceTree = "<group>"; };
		AD2CC8072FBCD00C0034B9D1 /* BillingCycle.swift */ = {isa = PBXFileReference; lastKnownFileType = sourcecode.swift; path = BillingCycle.swift; sourceTree = "<group>"; };
		AD2CC8082FBCD00C0034B9D1 /* Category.swift */ = {isa = PBXFileReference; lastKnownFileType = sourcecode.swift; path = Category.swift; sourceTree = "<group>"; };
		AD2CC8092FBCD00C0034B9D1 /* Subscription.swift */ = {isa = PBXFileReference; lastKnownFileType = sourcecode.swift; path = Subscription.swift; sourceTree = "<group>"; };
		AD2CC8262FBD48160034B9D1 /* NotificationService.swift */ = {isa = PBXFileReference; lastKnownFileType = sourcecode.swift; path = NotificationService.swift; sourceTree = "<group>"; };
		AD2CC8282FBD50340034B9D1 /* PaymentDateCalculator.swift */ = {isa = PBXFileReference; lastKnownFileType = sourcecode.swift; path = PaymentDateCalculator.swift; sourceTree = "<group>"; };
		AD2CC82A2FBD50E60034B9D1 /* CurrencyHelper.swift */ = {isa = PBXFileReference; lastKnownFileType = sourcecode.swift; path = CurrencyHelper.swift; sourceTree = "<group>"; };
		AD2CC82C2FBD52D90034B9D1 /* AddSubscriptionViewModel.swift */ = {isa = PBXFileReference; lastKnownFileType = sourcecode.swift; path = AddSubscriptionViewModel.swift; sourceTree = "<group>"; };
		AD2CC82D2FBD52D90034B9D1 /* EditSubscriptionViewModel.swift */ = {isa = PBXFileReference; lastKnownFileType = sourcecode.swift; path = EditSubscriptionViewModel.swift; sourceTree = "<group>"; };
		AD2CC8302FBD52F60034B9D1 /* AddSubscriptionView.swift */ = {isa = PBXFileReference; lastKnownFileType = sourcecode.swift; path = AddSubscriptionView.swift; sourceTree = "<group>"; };
		AD2CC8312FBD52F60034B9D1 /* EditSubscriptionView.swift */ = {isa = PBXFileReference; lastKnownFileType = sourcecode.swift; path = EditSubscriptionView.swift; sourceTree = "<group>"; };
		AD2CC8322FBD52F60034B9D1 /* SubscriptionFormSections.swift */ = {isa = PBXFileReference; lastKnownFileType = sourcecode.swift; path = SubscriptionFormSections.swift; sourceTree = "<group>"; };
		AD2CC8362FBD53620034B9D1 /* DashboardViewModel.swift */ = {isa = PBXFileReference; lastKnownFileType = sourcecode.swift; path = DashboardViewModel.swift; sourceTree = "<group>"; };
		AD2CC8382FBD53700034B9D1 /* DashboardView.swift */ = {isa = PBXFileReference; lastKnownFileType = sourcecode.swift; path = DashboardView.swift; sourceTree = "<group>"; };
		AD2CC83A2FBD53850034B9D1 /* SettingsView.swift */ = {isa = PBXFileReference; lastKnownFileType = sourcecode.swift; path = SettingsView.swift; sourceTree = "<group>"; };
		AD2CC83C2FBD53960034B9D1 /* SubscriptionListViewModel.swift */ = {isa = PBXFileReference; lastKnownFileType = sourcecode.swift; path = SubscriptionListViewModel.swift; sourceTree = "<group>"; };
		AD2CC83E2FBD53A00034B9D1 /* SubscriptionListView.swift */ = {isa = PBXFileReference; lastKnownFileType = sourcecode.swift; path = SubscriptionListView.swift; sourceTree = "<group>"; };
		AD2CC8402FBD55980034B9D1 /* CategoryChartView.swift */ = {isa = PBXFileReference; lastKnownFileType = sourcecode.swift; path = CategoryChartView.swift; sourceTree = "<group>"; };
		AD2CC8432FBD59D20034B9D1 /* CalendarViewModel.swift */ = {isa = PBXFileReference; lastKnownFileType = sourcecode.swift; path = CalendarViewModel.swift; sourceTree = "<group>"; };
		AD2CC8452FBD59D20034B9D1 /* CalendarDateCell.swift */ = {isa = PBXFileReference; lastKnownFileType = sourcecode.swift; path = CalendarDateCell.swift; sourceTree = "<group>"; };
		AD2CC8462FBD59D20034B9D1 /* CalendarView.swift */ = {isa = PBXFileReference; lastKnownFileType = sourcecode.swift; path = CalendarView.swift; sourceTree = "<group>"; };
		AD2CC84C2FBD70280034B9D1 /* ReviewWizardViewModel.swift */ = {isa = PBXFileReference; lastKnownFileType = sourcecode.swift; path = ReviewWizardViewModel.swift; sourceTree = "<group>"; };
		AD2CC84E2FBD70280034B9D1 /* ReviewSummaryView.swift */ = {isa = PBXFileReference; lastKnownFileType = sourcecode.swift; path = ReviewSummaryView.swift; sourceTree = "<group>"; };
		AD2CC84F2FBD70280034B9D1 /* ReviewWizardView.swift */ = {isa = PBXFileReference; lastKnownFileType = sourcecode.swift; path = ReviewWizardView.swift; sourceTree = "<group>"; };
		AD2CC8552FBD709B0034B9D1 /* SubscriptionPreset.swift */ = {isa = PBXFileReference; lastKnownFileType = sourcecode.swift; path = SubscriptionPreset.swift; sourceTree = "<group>"; };
		AD2CC8572FBD73DA0034B9D1 /* PastSubscriptionsView.swift */ = {isa = PBXFileReference; lastKnownFileType = sourcecode.swift; path = PastSubscriptionsView.swift; sourceTree = "<group>"; };
		AD2CC8592FBD84A00034B9D1 /* AnalysisViewModel.swift */ = {isa = PBXFileReference; lastKnownFileType = sourcecode.swift; path = AnalysisViewModel.swift; sourceTree = "<group>"; };
		AD2CC85B2FBD84A00034B9D1 /* AnalysisView.swift */ = {isa = PBXFileReference; lastKnownFileType = sourcecode.swift; path = AnalysisView.swift; sourceTree = "<group>"; };
		AD2CC8602FBD84B50034B9D1 /* CSVExportDocument.swift */ = {isa = PBXFileReference; lastKnownFileType = sourcecode.swift; path = CSVExportDocument.swift; sourceTree = "<group>"; };
		AD2CC8632FBD84D00034B9D1 /* SettingsViewModel.swift */ = {isa = PBXFileReference; lastKnownFileType = sourcecode.swift; path = SettingsViewModel.swift; sourceTree = "<group>"; };
		AD2CC8662FBD88C20034B9D1 /* SummaryCardView.swift */ = {isa = PBXFileReference; lastKnownFileType = sourcecode.swift; path = SummaryCardView.swift; sourceTree = "<group>"; };
		AD2CC8672FBD88C20034B9D1 /* UpcomingRowView.swift */ = {isa = PBXFileReference; lastKnownFileType = sourcecode.swift; path = UpcomingRowView.swift; sourceTree = "<group>"; };
		AD2CC86B2FBD939D0034B9D1 /* OnboardingView.swift */ = {isa = PBXFileReference; lastKnownFileType = sourcecode.swift; path = OnboardingView.swift; sourceTree = "<group>"; };
		AD2CC86F2FBD9E450034B9D1 /* PresetSelectionWizard.swift */ = {isa = PBXFileReference; lastKnownFileType = sourcecode.swift; path = PresetSelectionWizard.swift; sourceTree = "<group>"; };
		AD2CC8752FBDB0550034B9D1 /* SubsqManagerWidgetExtension.appex */ = {isa = PBXFileReference; explicitFileType = "wrapper.app-extension"; includeInIndex = 0; path = SubsqManagerWidgetExtension.appex; sourceTree = BUILT_PRODUCTS_DIR; };
		AD2CC8772FBDB0550034B9D1 /* WidgetKit.framework */ = {isa = PBXFileReference; lastKnownFileType = wrapper.framework; name = WidgetKit.framework; path = System/Library/Frameworks/WidgetKit.framework; sourceTree = SDKROOT; };
		AD2CC8792FBDB0550034B9D1 /* SwiftUI.framework */ = {isa = PBXFileReference; lastKnownFileType = wrapper.framework; name = SwiftUI.framework; path = System/Library/Frameworks/SwiftUI.framework; sourceTree = SDKROOT; };
		AD2CC88F2FBDF47D0034B9D1 /* SubsqManager.entitlements */ = {isa = PBXFileReference; lastKnownFileType = text.plist.entitlements; path = SubsqManager.entitlements; sourceTree = "<group>"; };
		AD2CC8902FBDF4FC0034B9D1 /* SubsqManagerWidgetExtension.entitlements */ = {isa = PBXFileReference; lastKnownFileType = text.plist.entitlements; path = SubsqManagerWidgetExtension.entitlements; sourceTree = "<group>"; };
/* End PBXFileReference section */

/* Begin PBXFileSystemSynchronizedBuildFileExceptionSet section */
		AD2CC88A2FBDB0570034B9D1 /* Exceptions for "SubsqManagerWidget" folder in "SubsqManagerWidgetExtension" target */ = {
			isa = PBXFileSystemSynchronizedBuildFileExceptionSet;
			membershipExceptions = (
				Info.plist,
			);
			target = AD2CC8742FBDB0550034B9D1 /* SubsqManagerWidgetExtension */;
		};
		ADA2E6C62FBDFD9C002D7706 /* Exceptions for "SubsqManagerWidget" folder in "SubsqManager" target */ = {
			isa = PBXFileSystemSynchronizedBuildFileExceptionSet;
			membershipExceptions = (
				SharedModelContainer.swift,
			);
			target = AD2CC7B22FBCC2020034B9D1 /* SubsqManager */;
		};
/* End PBXFileSystemSynchronizedBuildFileExceptionSet section */

/* Begin PBXFileSystemSynchronizedRootGroup section */
		AD2CC87B2FBDB0550034B9D1 /* SubsqManagerWidget */ = {
			isa = PBXFileSystemSynchronizedRootGroup;
			exceptions = (
				ADA2E6C62FBDFD9C002D7706 /* Exceptions for "SubsqManagerWidget" folder in "SubsqManager" target */,
				AD2CC88A2FBDB0570034B9D1 /* Exceptions for "SubsqManagerWidget" folder in "SubsqManagerWidgetExtension" target */,
			);
			path = SubsqManagerWidget;
			sourceTree = "<group>";
		};
/* End PBXFileSystemSynchronizedRootGroup section */

/* Begin PBXFrameworksBuildPhase section */
		AD2CC7B02FBCC2020034B9D1 /* Frameworks */ = {
			isa = PBXFrameworksBuildPhase;
			buildActionMask = 2147483647;
			files = (
			);
			runOnlyForDeploymentPostprocessing = 0;
		};
		AD2CC7BF2FBCC2040034B9D1 /* Frameworks */ = {
			isa = PBXFrameworksBuildPhase;
			buildActionMask = 2147483647;
			files = (
			);
			runOnlyForDeploymentPostprocessing = 0;
		};
		AD2CC7C92FBCC2040034B9D1 /* Frameworks */ = {
			isa = PBXFrameworksBuildPhase;
			buildActionMask = 2147483647;
			files = (
			);
			runOnlyForDeploymentPostprocessing = 0;
		};
		AD2CC8722FBDB0550034B9D1 /* Frameworks */ = {
			isa = PBXFrameworksBuildPhase;
			buildActionMask = 2147483647;
			files = (
				AD2CC87A2FBDB0550034B9D1 /* SwiftUI.framework in Frameworks */,
				AD2CC8782FBDB0550034B9D1 /* WidgetKit.framework in Frameworks */,
			);
			runOnlyForDeploymentPostprocessing = 0;
		};
/* End PBXFrameworksBuildPhase section */

/* Begin PBXGroup section */
		AD2CC7AA2FBCC2020034B9D1 = {
			isa = PBXGroup;
			children = (
				AD2CC8902FBDF4FC0034B9D1 /* SubsqManagerWidgetExtension.entitlements */,
				AD2CC88F2FBDF47D0034B9D1 /* SubsqManager.entitlements */,
				AD2CC7E22FBCC7C90034B9D1 /* App */,
				AD2CC7E62FBCC7C90034B9D1 /* Core */,
				AD2CC7F22FBCC7C90034B9D1 /* Features */,
				AD2CC7F42FBCC7C90034B9D1 /* Resources */,
				AD2CC7F52FBCC7C90034B9D1 /* Tests */,
				AD2CC87B2FBDB0550034B9D1 /* SubsqManagerWidget */,
				AD2CC8762FBDB0550034B9D1 /* Frameworks */,
				AD2CC7B42FBCC2020034B9D1 /* Products */,
			);
			sourceTree = "<group>";
		};
		AD2CC7B42FBCC2020034B9D1 /* Products */ = {
			isa = PBXGroup;
			children = (
				AD2CC7B32FBCC2020034B9D1 /* SubsqManager.app */,
				AD2CC7C22FBCC2040034B9D1 /* SubsqManagerTests.xctest */,
				AD2CC7CC2FBCC2040034B9D1 /* SubsqManagerUITests.xctest */,
				AD2CC8752FBDB0550034B9D1 /* SubsqManagerWidgetExtension.appex */,
			);
			name = Products;
			sourceTree = "<group>";
		};
		AD2CC7E22FBCC7C90034B9D1 /* App */ = {
			isa = PBXGroup;
			children = (
				AD2CC7DF2FBCC7C90034B9D1 /* ContentView.swift */,
				AD2CC7E12FBCC7C90034B9D1 /* SubsqManagerApp.swift */,
			);
			path = App;
			sourceTree = "<group>";
		};
		AD2CC7E32FBCC7C90034B9D1 /* Extensions */ = {
			isa = PBXGroup;
			children = (
				AD2CC82A2FBD50E60034B9D1 /* CurrencyHelper.swift */,
			);
			path = Extensions;
			sourceTree = "<group>";
		};
		AD2CC7E42FBCC7C90034B9D1 /* Models */ = {
			isa = PBXGroup;
			children = (
				AD2CC8552FBD709B0034B9D1 /* SubscriptionPreset.swift */,
				AD2CC8072FBCD00C0034B9D1 /* BillingCycle.swift */,
				AD2CC8082FBCD00C0034B9D1 /* Category.swift */,
				AD2CC8092FBCD00C0034B9D1 /* Subscription.swift */,
			);
			path = Models;
			sourceTree = "<group>";
		};
		AD2CC7E52FBCC7C90034B9D1 /* Services */ = {
			isa = PBXGroup;
			children = (
				AD2CC8282FBD50340034B9D1 /* PaymentDateCalculator.swift */,
				AD2CC8262FBD48160034B9D1 /* NotificationService.swift */,
			);
			path = Services;
			sourceTree = "<group>";
		};
		AD2CC7E62FBCC7C90034B9D1 /* Core */ = {
			isa = PBXGroup;
			children = (
				AD2CC8612FBD84B50034B9D1 /* Utilities */,
				AD2CC7E32FBCC7C90034B9D1 /* Extensions */,
				AD2CC7E42FBCC7C90034B9D1 /* Models */,
				AD2CC7E52FBCC7C90034B9D1 /* Services */,
			);
			path = Core;
			sourceTree = "<group>";
		};
		AD2CC7E72FBCC7C90034B9D1 /* ViewModels */ = {
			isa = PBXGroup;
			children = (
				AD2CC82C2FBD52D90034B9D1 /* AddSubscriptionViewModel.swift */,
				AD2CC82D2FBD52D90034B9D1 /* EditSubscriptionViewModel.swift */,
			);
			path = ViewModels;
			sourceTree = "<group>";
		};
		AD2CC7E82FBCC7C90034B9D1 /* Views */ = {
			isa = PBXGroup;
			children = (
				AD2CC86F2FBD9E450034B9D1 /* PresetSelectionWizard.swift */,
				AD2CC8302FBD52F60034B9D1 /* AddSubscriptionView.swift */,
				AD2CC8312FBD52F60034B9D1 /* EditSubscriptionView.swift */,
				AD2CC8322FBD52F60034B9D1 /* SubscriptionFormSections.swift */,
			);
			path = Views;
			sourceTree = "<group>";
		};
		AD2CC7E92FBCC7C90034B9D1 /* AddSubscription */ = {
			isa = PBXGroup;
			children = (
				AD2CC7E72FBCC7C90034B9D1 /* ViewModels */,
				AD2CC7E82FBCC7C90034B9D1 /* Views */,
			);
			path = AddSubscription;
			sourceTree = "<group>";
		};
		AD2CC7EA2FBCC7C90034B9D1 /* ViewModels */ = {
			isa = PBXGroup;
			children = (
				AD2CC8362FBD53620034B9D1 /* DashboardViewModel.swift */,
			);
			path = ViewModels;
			sourceTree = "<group>";
		};
		AD2CC7EB2FBCC7C90034B9D1 /* Views */ = {
			isa = PBXGroup;
			children = (
				AD2CC8682FBD88C20034B9D1 /* Components */,
				AD2CC8402FBD55980034B9D1 /* CategoryChartView.swift */,
				AD2CC8382FBD53700034B9D1 /* DashboardView.swift */,
			);
			path = Views;
			sourceTree = "<group>";
		};
		AD2CC7EC2FBCC7C90034B9D1 /* Dashboard */ = {
			isa = PBXGroup;
			children = (
				AD2CC7EA2FBCC7C90034B9D1 /* ViewModels */,
				AD2CC7EB2FBCC7C90034B9D1 /* Views */,
			);
			path = Dashboard;
			sourceTree = "<group>";
		};
		AD2CC7ED2FBCC7C90034B9D1 /* Views */ = {
			isa = PBXGroup;
			children = (
				AD2CC83A2FBD53850034B9D1 /* SettingsView.swift */,
			);
			path = Views;
			sourceTree = "<group>";
		};
		AD2CC7EE2FBCC7C90034B9D1 /* Settings */ = {
			isa = PBXGroup;
			children = (
				AD2CC8642FBD84D00034B9D1 /* ViewModels */,
				AD2CC7ED2FBCC7C90034B9D1 /* Views */,
			);
			path = Settings;
			sourceTree = "<group>";
		};
		AD2CC7EF2FBCC7C90034B9D1 /* ViewModels */ = {
			isa = PBXGroup;
			children = (
				AD2CC83C2FBD53960034B9D1 /* SubscriptionListViewModel.swift */,
			);
			path = ViewModels;
			sourceTree = "<group>";
		};
		AD2CC7F02FBCC7C90034B9D1 /* Views */ = {
			isa = PBXGroup;
			children = (
				AD2CC8572FBD73DA0034B9D1 /* PastSubscriptionsView.swift */,
				AD2CC83E2FBD53A00034B9D1 /* SubscriptionListView.swift */,
			);
			path = Views;
			sourceTree = "<group>";
		};
		AD2CC7F12FBCC7C90034B9D1 /* SubscriptionList */ = {
			isa = PBXGroup;
			children = (
				AD2CC7EF2FBCC7C90034B9D1 /* ViewModels */,
				AD2CC7F02FBCC7C90034B9D1 /* Views */,
			);
			path = SubscriptionList;
			sourceTree = "<group>";
		};
		AD2CC7F22FBCC7C90034B9D1 /* Features */ = {
			isa = PBXGroup;
			children = (
				AD2CC86D2FBD939D0034B9D1 /* Onboarding */,
				AD2CC85D2FBD84A00034B9D1 /* Analysis */,
				AD2CC8512FBD70280034B9D1 /* Review */,
				AD2CC8482FBD59D20034B9D1 /* Calendar */,
				AD2CC7E92FBCC7C90034B9D1 /* AddSubscription */,
				AD2CC7EC2FBCC7C90034B9D1 /* Dashboard */,
				AD2CC7EE2FBCC7C90034B9D1 /* Settings */,
				AD2CC7F12FBCC7C90034B9D1 /* SubscriptionList */,
			);
			path = Features;
			sourceTree = "<group>";
		};
		AD2CC7F42FBCC7C90034B9D1 /* Resources */ = {
			isa = PBXGroup;
			children = (
				AD2CC7F32FBCC7C90034B9D1 /* Assets.xcassets */,
			);
			path = Resources;
			sourceTree = "<group>";
		};
		AD2CC7F52FBCC7C90034B9D1 /* Tests */ = {
			isa = PBXGroup;
			children = (
			);
			path = Tests;
			sourceTree = "<group>";
		};
		AD2CC8442FBD59D20034B9D1 /* ViewModels */ = {
			isa = PBXGroup;
			children = (
				AD2CC8432FBD59D20034B9D1 /* CalendarViewModel.swift */,
			);
			path = ViewModels;
			sourceTree = "<group>";
		};
		AD2CC8472FBD59D20034B9D1 /* Views */ = {
			isa = PBXGroup;
			children = (
				AD2CC8452FBD59D20034B9D1 /* CalendarDateCell.swift */,
				AD2CC8462FBD59D20034B9D1 /* CalendarView.swift */,
			);
			path = Views;
			sourceTree = "<group>";
		};
		AD2CC8482FBD59D20034B9D1 /* Calendar */ = {
			isa = PBXGroup;
			children = (
				AD2CC8442FBD59D20034B9D1 /* ViewModels */,
				AD2CC8472FBD59D20034B9D1 /* Views */,
			);
			path = Calendar;
			sourceTree = "<group>";
		};
		AD2CC84D2FBD70280034B9D1 /* ViewModels */ = {
			isa = PBXGroup;
			children = (
				AD2CC84C2FBD70280034B9D1 /* ReviewWizardViewModel.swift */,
			);
			path = ViewModels;
			sourceTree = "<group>";
		};
		AD2CC8502FBD70280034B9D1 /* Views */ = {
			isa = PBXGroup;
			children = (
				AD2CC84E2FBD70280034B9D1 /* ReviewSummaryView.swift */,
				AD2CC84F2FBD70280034B9D1 /* ReviewWizardView.swift */,
			);
			path = Views;
			sourceTree = "<group>";
		};
		AD2CC8512FBD70280034B9D1 /* Review */ = {
			isa = PBXGroup;
			children = (
				AD2CC84D2FBD70280034B9D1 /* ViewModels */,
				AD2CC8502FBD70280034B9D1 /* Views */,
			);
			path = Review;
			sourceTree = "<group>";
		};
		AD2CC85A2FBD84A00034B9D1 /* ViewModels */ = {
			isa = PBXGroup;
			children = (
				AD2CC8592FBD84A00034B9D1 /* AnalysisViewModel.swift */,
			);
			path = ViewModels;
			sourceTree = "<group>";
		};
		AD2CC85C2FBD84A00034B9D1 /* Views */ = {
			isa = PBXGroup;
			children = (
				AD2CC85B2FBD84A00034B9D1 /* AnalysisView.swift */,
			);
			path = Views;
			sourceTree = "<group>";
		};
		AD2CC85D2FBD84A00034B9D1 /* Analysis */ = {
			isa = PBXGroup;
			children = (
				AD2CC85A2FBD84A00034B9D1 /* ViewModels */,
				AD2CC85C2FBD84A00034B9D1 /* Views */,
			);
			path = Analysis;
			sourceTree = "<group>";
		};
		AD2CC8612FBD84B50034B9D1 /* Utilities */ = {
			isa = PBXGroup;
			children = (
				AD2CC8602FBD84B50034B9D1 /* CSVExportDocument.swift */,
			);
			path = Utilities;
			sourceTree = "<group>";
		};
		AD2CC8642FBD84D00034B9D1 /* ViewModels */ = {
			isa = PBXGroup;
			children = (
				AD2CC8632FBD84D00034B9D1 /* SettingsViewModel.swift */,
			);
			path = ViewModels;
			sourceTree = "<group>";
		};
		AD2CC8682FBD88C20034B9D1 /* Components */ = {
			isa = PBXGroup;
			children = (
				AD2CC8662FBD88C20034B9D1 /* SummaryCardView.swift */,
				AD2CC8672FBD88C20034B9D1 /* UpcomingRowView.swift */,
			);
			path = Components;
			sourceTree = "<group>";
		};
		AD2CC86C2FBD939D0034B9D1 /* Views */ = {
			isa = PBXGroup;
			children = (
				AD2CC86B2FBD939D0034B9D1 /* OnboardingView.swift */,
			);
			path = Views;
			sourceTree = "<group>";
		};
		AD2CC86D2FBD939D0034B9D1 /* Onboarding */ = {
			isa = PBXGroup;
			children = (
				AD2CC86C2FBD939D0034B9D1 /* Views */,
			);
			path = Onboarding;
			sourceTree = "<group>";
		};
		AD2CC8762FBDB0550034B9D1 /* Frameworks */ = {
			isa = PBXGroup;
			children = (
				AD2CC8772FBDB0550034B9D1 /* WidgetKit.framework */,
				AD2CC8792FBDB0550034B9D1 /* SwiftUI.framework */,
			);
			name = Frameworks;
			sourceTree = "<group>";
		};
/* End PBXGroup section */

/* Begin PBXNativeTarget section */
		AD2CC7B22FBCC2020034B9D1 /* SubsqManager */ = {
			isa = PBXNativeTarget;
			buildConfigurationList = AD2CC7D62FBCC2040034B9D1 /* Build configuration list for PBXNativeTarget "SubsqManager" */;
			buildPhases = (
				AD2CC7AF2FBCC2020034B9D1 /* Sources */,
				AD2CC7B02FBCC2020034B9D1 /* Frameworks */,
				AD2CC7B12FBCC2020034B9D1 /* Resources */,
				AD2CC88E2FBDB0570034B9D1 /* Embed Foundation Extensions */,
			);
			buildRules = (
			);
			dependencies = (
				AD2CC8882FBDB0570034B9D1 /* PBXTargetDependency */,
			);
			name = SubsqManager;
			packageProductDependencies = (
			);
			productName = SubsqManager;
			productReference = AD2CC7B32FBCC2020034B9D1 /* SubsqManager.app */;
			productType = "com.apple.product-type.application";
		};
		AD2CC7C12FBCC2040034B9D1 /* SubsqManagerTests */ = {
			isa = PBXNativeTarget;
			buildConfigurationList = AD2CC7D92FBCC2040034B9D1 /* Build configuration list for PBXNativeTarget "SubsqManagerTests" */;
			buildPhases = (
				AD2CC7BE2FBCC2040034B9D1 /* Sources */,
				AD2CC7BF2FBCC2040034B9D1 /* Frameworks */,
				AD2CC7C02FBCC2040034B9D1 /* Resources */,
			);
			buildRules = (
			);
			dependencies = (
				AD2CC7C42FBCC2040034B9D1 /* PBXTargetDependency */,
			);
			name = SubsqManagerTests;
			packageProductDependencies = (
			);
			productName = SubsqManagerTests;
			productReference = AD2CC7C22FBCC2040034B9D1 /* SubsqManagerTests.xctest */;
			productType = "com.apple.product-type.bundle.unit-test";
		};
		AD2CC7CB2FBCC2040034B9D1 /* SubsqManagerUITests */ = {
			isa = PBXNativeTarget;
			buildConfigurationList = AD2CC7DC2FBCC2040034B9D1 /* Build configuration list for PBXNativeTarget "SubsqManagerUITests" */;
			buildPhases = (
				AD2CC7C82FBCC2040034B9D1 /* Sources */,
				AD2CC7C92FBCC2040034B9D1 /* Frameworks */,
				AD2CC7CA2FBCC2040034B9D1 /* Resources */,
			);
			buildRules = (
			);
			dependencies = (
				AD2CC7CE2FBCC2040034B9D1 /* PBXTargetDependency */,
			);
			name = SubsqManagerUITests;
			packageProductDependencies = (
			);
			productName = SubsqManagerUITests;
			productReference = AD2CC7CC2FBCC2040034B9D1 /* SubsqManagerUITests.xctest */;
			productType = "com.apple.product-type.bundle.ui-testing";
		};
		AD2CC8742FBDB0550034B9D1 /* SubsqManagerWidgetExtension */ = {
			isa = PBXNativeTarget;
			buildConfigurationList = AD2CC88B2FBDB0570034B9D1 /* Build configuration list for PBXNativeTarget "SubsqManagerWidgetExtension" */;
			buildPhases = (
				AD2CC8712FBDB0550034B9D1 /* Sources */,
				AD2CC8722FBDB0550034B9D1 /* Frameworks */,
				AD2CC8732FBDB0550034B9D1 /* Resources */,
			);
			buildRules = (
			);
			dependencies = (
			);
			fileSystemSynchronizedGroups = (
				AD2CC87B2FBDB0550034B9D1 /* SubsqManagerWidget */,
			);
			name = SubsqManagerWidgetExtension;
			packageProductDependencies = (
			);
			productName = SubsqManagerWidgetExtension;
			productReference = AD2CC8752FBDB0550034B9D1 /* SubsqManagerWidgetExtension.appex */;
			productType = "com.apple.product-type.app-extension";
		};
/* End PBXNativeTarget section */

/* Begin PBXProject section */
		AD2CC7AB2FBCC2020034B9D1 /* Project object */ = {
			isa = PBXProject;
			attributes = {
				BuildIndependentTargetsInParallel = 1;
				LastSwiftUpdateCheck = 2650;
				LastUpgradeCheck = 2650;
				TargetAttributes = {
					AD2CC7B22FBCC2020034B9D1 = {
						CreatedOnToolsVersion = 26.5;
						LastSwiftMigration = 2650;
					};
					AD2CC7C12FBCC2040034B9D1 = {
						CreatedOnToolsVersion = 26.5;
						TestTargetID = AD2CC7B22FBCC2020034B9D1;
					};
					AD2CC7CB2FBCC2040034B9D1 = {
						CreatedOnToolsVersion = 26.5;
						TestTargetID = AD2CC7B22FBCC2020034B9D1;
					};
					AD2CC8742FBDB0550034B9D1 = {
						CreatedOnToolsVersion = 26.5;
					};
				};
			};
			buildConfigurationList = AD2CC7AE2FBCC2020034B9D1 /* Build configuration list for PBXProject "SubsqManager" */;
			developmentRegion = en;
			hasScannedForEncodings = 0;
			knownRegions = (
				en,
				Base,
			);
			mainGroup = AD2CC7AA2FBCC2020034B9D1;
			minimizedProjectReferenceProxies = 1;
			preferredProjectObjectVersion = 77;
			productRefGroup = AD2CC7B42FBCC2020034B9D1 /* Products */;
			projectDirPath = "";
			projectRoot = "";
			targets = (
				AD2CC7B22FBCC2020034B9D1 /* SubsqManager */,
				AD2CC7C12FBCC2040034B9D1 /* SubsqManagerTests */,
				AD2CC7CB2FBCC2040034B9D1 /* SubsqManagerUITests */,
				AD2CC8742FBDB0550034B9D1 /* SubsqManagerWidgetExtension */,
			);
		};
/* End PBXProject section */

/* Begin PBXResourcesBuildPhase section */
		AD2CC7B12FBCC2020034B9D1 /* Resources */ = {
			isa = PBXResourcesBuildPhase;
			buildActionMask = 2147483647;
			files = (
				AD2CC8102FBCD54B0034B9D1 /* Assets.xcassets in Resources */,
			);
			runOnlyForDeploymentPostprocessing = 0;
		};
		AD2CC7C02FBCC2040034B9D1 /* Resources */ = {
			isa = PBXResourcesBuildPhase;
			buildActionMask = 2147483647;
			files = (
			);
			runOnlyForDeploymentPostprocessing = 0;
		};
		AD2CC7CA2FBCC2040034B9D1 /* Resources */ = {
			isa = PBXResourcesBuildPhase;
			buildActionMask = 2147483647;
			files = (
				AD2CC7F92FBCC7C90034B9D1 /* Assets.xcassets in Resources */,
			);
			runOnlyForDeploymentPostprocessing = 0;
		};
		AD2CC8732FBDB0550034B9D1 /* Resources */ = {
			isa = PBXResourcesBuildPhase;
			buildActionMask = 2147483647;
			files = (
			);
			runOnlyForDeploymentPostprocessing = 0;
		};
/* End PBXResourcesBuildPhase section */

/* Begin PBXSourcesBuildPhase section */
		AD2CC7AF2FBCC2020034B9D1 /* Sources */ = {
			isa = PBXSourcesBuildPhase;
			buildActionMask = 2147483647;
			files = (
				AD2CC83B2FBD53850034B9D1 /* SettingsView.swift in Sources */,
				AD2CC8272FBD48160034B9D1 /* NotificationService.swift in Sources */,
				AD2CC80A2FBCD00C0034B9D1 /* Subscription.swift in Sources */,
				AD2CC82E2FBD52D90034B9D1 /* EditSubscriptionViewModel.swift in Sources */,
				AD2CC82F2FBD52D90034B9D1 /* AddSubscriptionViewModel.swift in Sources */,
				AD2CC8372FBD53620034B9D1 /* DashboardViewModel.swift in Sources */,
				AD2CC8292FBD50340034B9D1 /* PaymentDateCalculator.swift in Sources */,
				AD2CC8332FBD52F60034B9D1 /* AddSubscriptionView.swift in Sources */,
				AD2CC8342FBD52F60034B9D1 /* EditSubscriptionView.swift in Sources */,
				AD2CC8352FBD52F60034B9D1 /* SubscriptionFormSections.swift in Sources */,
				AD2CC80E2FBCD50C0034B9D1 /* ContentView.swift in Sources */,
				AD2CC82B2FBD50E60034B9D1 /* CurrencyHelper.swift in Sources */,
				AD2CC8702FBD9E450034B9D1 /* PresetSelectionWizard.swift in Sources */,
				AD2CC83F2FBD53A00034B9D1 /* SubscriptionListView.swift in Sources */,
				AD2CC80B2FBCD00C0034B9D1 /* Category.swift in Sources */,
				AD2CC8412FBD55980034B9D1 /* CategoryChartView.swift in Sources */,
				AD2CC86E2FBD939D0034B9D1 /* OnboardingView.swift in Sources */,
				AD2CC8492FBD59D20034B9D1 /* CalendarViewModel.swift in Sources */,
				AD2CC84A2FBD59D20034B9D1 /* CalendarView.swift in Sources */,
				AD2CC84B2FBD59D20034B9D1 /* CalendarDateCell.swift in Sources */,
				AD2CC8652FBD84D00034B9D1 /* SettingsViewModel.swift in Sources */,
				AD2CC8522FBD70280034B9D1 /* ReviewSummaryView.swift in Sources */,
				AD2CC8622FBD84B50034B9D1 /* CSVExportDocument.swift in Sources */,
				AD2CC8532FBD70280034B9D1 /* ReviewWizardView.swift in Sources */,
				AD2CC8542FBD70280034B9D1 /* ReviewWizardViewModel.swift in Sources */,
				AD2CC8392FBD53700034B9D1 /* DashboardView.swift in Sources */,
				AD2CC8692FBD88C20034B9D1 /* SummaryCardView.swift in Sources */,
				AD2CC86A2FBD88C20034B9D1 /* UpcomingRowView.swift in Sources */,
				AD2CC80D2FBCD4E80034B9D1 /* SubsqManagerApp.swift in Sources */,
				AD2CC8582FBD73DA0034B9D1 /* PastSubscriptionsView.swift in Sources */,
				AD2CC80C2FBCD00C0034B9D1 /* BillingCycle.swift in Sources */,
				AD2CC83D2FBD53960034B9D1 /* SubscriptionListViewModel.swift in Sources */,
				AD2CC85E2FBD84A00034B9D1 /* AnalysisView.swift in Sources */,
				AD2CC85F2FBD84A00034B9D1 /* AnalysisViewModel.swift in Sources */,
				AD2CC8562FBD709B0034B9D1 /* SubscriptionPreset.swift in Sources */,
			);
			runOnlyForDeploymentPostprocessing = 0;
		};
		AD2CC7BE2FBCC2040034B9D1 /* Sources */ = {
			isa = PBXSourcesBuildPhase;
			buildActionMask = 2147483647;
			files = (
			);
			runOnlyForDeploymentPostprocessing = 0;
		};
		AD2CC7C82FBCC2040034B9D1 /* Sources */ = {
			isa = PBXSourcesBuildPhase;
			buildActionMask = 2147483647;
			files = (
			);
			runOnlyForDeploymentPostprocessing = 0;
		};
		AD2CC8712FBDB0550034B9D1 /* Sources */ = {
			isa = PBXSourcesBuildPhase;
			buildActionMask = 2147483647;
			files = (
				ADA2E6C82FBDFF18002D7706 /* PaymentDateCalculator.swift in Sources */,
				ADA2E6C72FBDFF07002D7706 /* Subscription.swift in Sources */,
				AD2CC8942FBDF6F30034B9D1 /* SubscriptionPreset.swift in Sources */,
				AD2CC8962FBDF6FE0034B9D1 /* Category.swift in Sources */,
				AD2CC8932FBDF6E80034B9D1 /* CurrencyHelper.swift in Sources */,
				AD2CC8952FBDF6F90034B9D1 /* BillingCycle.swift in Sources */,
			);
			runOnlyForDeploymentPostprocessing = 0;
		};
/* End PBXSourcesBuildPhase section */

/* Begin PBXTargetDependency section */
		AD2CC7C42FBCC2040034B9D1 /* PBXTargetDependency */ = {
			isa = PBXTargetDependency;
			target = AD2CC7B22FBCC2020034B9D1 /* SubsqManager */;
			targetProxy = AD2CC7C32FBCC2040034B9D1 /* PBXContainerItemProxy */;
		};
		AD2CC7CE2FBCC2040034B9D1 /* PBXTargetDependency */ = {
			isa = PBXTargetDependency;
			target = AD2CC7B22FBCC2020034B9D1 /* SubsqManager */;
			targetProxy = AD2CC7CD2FBCC2040034B9D1 /* PBXContainerItemProxy */;
		};
		AD2CC8882FBDB0570034B9D1 /* PBXTargetDependency */ = {
			isa = PBXTargetDependency;
			target = AD2CC8742FBDB0550034B9D1 /* SubsqManagerWidgetExtension */;
			targetProxy = AD2CC8872FBDB0570034B9D1 /* PBXContainerItemProxy */;
		};
/* End PBXTargetDependency section */

/* Begin XCBuildConfiguration section */
		AD2CC7D42FBCC2040034B9D1 /* Debug */ = {
			isa = XCBuildConfiguration;
			buildSettings = {
				ALWAYS_SEARCH_USER_PATHS = NO;
				ASSETCATALOG_COMPILER_GENERATE_SWIFT_ASSET_SYMBOL_EXTENSIONS = YES;
				CLANG_ANALYZER_NONNULL = YES;
				CLANG_ANALYZER_NUMBER_OBJECT_CONVERSION = YES_AGGRESSIVE;
				CLANG_CXX_LANGUAGE_STANDARD = "gnu++20";
				CLANG_ENABLE_MODULES = YES;
				CLANG_ENABLE_OBJC_ARC = YES;
				CLANG_ENABLE_OBJC_WEAK = YES;
				CLANG_WARN_BLOCK_CAPTURE_AUTORELEASING = YES;
				CLANG_WARN_BOOL_CONVERSION = YES;
				CLANG_WARN_COMMA = YES;
				CLANG_WARN_CONSTANT_CONVERSION = YES;
				CLANG_WARN_DEPRECATED_OBJC_IMPLEMENTATIONS = YES;
				CLANG_WARN_DIRECT_OBJC_ISA_USAGE = YES_ERROR;
				CLANG_WARN_DOCUMENTATION_COMMENTS = YES;
				CLANG_WARN_EMPTY_BODY = YES;
				CLANG_WARN_ENUM_CONVERSION = YES;
				CLANG_WARN_INFINITE_RECURSION = YES;
				CLANG_WARN_INT_CONVERSION = YES;
				CLANG_WARN_NON_LITERAL_NULL_CONVERSION = YES;
				CLANG_WARN_OBJC_IMPLICIT_RETAIN_SELF = YES;
				CLANG_WARN_OBJC_LITERAL_CONVERSION = YES;
				CLANG_WARN_OBJC_ROOT_CLASS = YES_ERROR;
				CLANG_WARN_QUOTED_INCLUDE_IN_FRAMEWORK_HEADER = YES;
				CLANG_WARN_RANGE_LOOP_ANALYSIS = YES;
				CLANG_WARN_STRICT_PROTOTYPES = YES;
				CLANG_WARN_SUSPICIOUS_MOVE = YES;
				CLANG_WARN_UNGUARDED_AVAILABILITY = YES_AGGRESSIVE;
				CLANG_WARN_UNREACHABLE_CODE = YES;
				CLANG_WARN__DUPLICATE_METHOD_MATCH = YES;
				COPY_PHASE_STRIP = NO;
				DEBUG_INFORMATION_FORMAT = dwarf;
				ENABLE_STRICT_OBJC_MSGSEND = YES;
				ENABLE_TESTABILITY = YES;
				ENABLE_USER_SCRIPT_SANDBOXING = YES;
				GCC_C_LANGUAGE_STANDARD = gnu17;
				GCC_DYNAMIC_NO_PIC = NO;
				GCC_NO_COMMON_BLOCKS = YES;
				GCC_OPTIMIZATION_LEVEL = 0;
				GCC_PREPROCESSOR_DEFINITIONS = (
					"DEBUG=1",
					"$(inherited)",
				);
				GCC_WARN_64_TO_32_BIT_CONVERSION = YES;
				GCC_WARN_ABOUT_RETURN_TYPE = YES_ERROR;
				GCC_WARN_UNDECLARED_SELECTOR = YES;
				GCC_WARN_UNINITIALIZED_AUTOS = YES_AGGRESSIVE;
				GCC_WARN_UNUSED_FUNCTION = YES;
				GCC_WARN_UNUSED_VARIABLE = YES;
				LOCALIZATION_PREFERS_STRING_CATALOGS = YES;
				MTL_ENABLE_DEBUG_INFO = INCLUDE_SOURCE;
				MTL_FAST_MATH = YES;
				ONLY_ACTIVE_ARCH = YES;
				SWIFT_ACTIVE_COMPILATION_CONDITIONS = "DEBUG $(inherited)";
				SWIFT_OPTIMIZATION_LEVEL = "-Onone";
			};
			name = Debug;
		};
		AD2CC7D52FBCC2040034B9D1 /* Release */ = {
			isa = XCBuildConfiguration;
			buildSettings = {
				ALWAYS_SEARCH_USER_PATHS = NO;
				ASSETCATALOG_COMPILER_GENERATE_SWIFT_ASSET_SYMBOL_EXTENSIONS = YES;
				CLANG_ANALYZER_NONNULL = YES;
				CLANG_ANALYZER_NUMBER_OBJECT_CONVERSION = YES_AGGRESSIVE;
				CLANG_CXX_LANGUAGE_STANDARD = "gnu++20";
				CLANG_ENABLE_MODULES = YES;
				CLANG_ENABLE_OBJC_ARC = YES;
				CLANG_ENABLE_OBJC_WEAK = YES;
				CLANG_WARN_BLOCK_CAPTURE_AUTORELEASING = YES;
				CLANG_WARN_BOOL_CONVERSION = YES;
				CLANG_WARN_COMMA = YES;
				CLANG_WARN_CONSTANT_CONVERSION = YES;
				CLANG_WARN_DEPRECATED_OBJC_IMPLEMENTATIONS = YES;
				CLANG_WARN_DIRECT_OBJC_ISA_USAGE = YES_ERROR;
				CLANG_WARN_DOCUMENTATION_COMMENTS = YES;
				CLANG_WARN_EMPTY_BODY = YES;
				CLANG_WARN_ENUM_CONVERSION = YES;
				CLANG_WARN_INFINITE_RECURSION = YES;
				CLANG_WARN_INT_CONVERSION = YES;
				CLANG_WARN_NON_LITERAL_NULL_CONVERSION = YES;
				CLANG_WARN_OBJC_IMPLICIT_RETAIN_SELF = YES;
				CLANG_WARN_OBJC_LITERAL_CONVERSION = YES;
				CLANG_WARN_OBJC_ROOT_CLASS = YES_ERROR;
				CLANG_WARN_QUOTED_INCLUDE_IN_FRAMEWORK_HEADER = YES;
				CLANG_WARN_RANGE_LOOP_ANALYSIS = YES;
				CLANG_WARN_STRICT_PROTOTYPES = YES;
				CLANG_WARN_SUSPICIOUS_MOVE = YES;
				CLANG_WARN_UNGUARDED_AVAILABILITY = YES_AGGRESSIVE;
				CLANG_WARN_UNREACHABLE_CODE = YES;
				CLANG_WARN__DUPLICATE_METHOD_MATCH = YES;
				COPY_PHASE_STRIP = NO;
				DEBUG_INFORMATION_FORMAT = "dwarf-with-dsym";
				ENABLE_NS_ASSERTIONS = NO;
				ENABLE_STRICT_OBJC_MSGSEND = YES;
				ENABLE_USER_SCRIPT_SANDBOXING = YES;
				GCC_C_LANGUAGE_STANDARD = gnu17;
				GCC_NO_COMMON_BLOCKS = YES;
				GCC_WARN_64_TO_32_BIT_CONVERSION = YES;
				GCC_WARN_ABOUT_RETURN_TYPE = YES_ERROR;
				GCC_WARN_UNDECLARED_SELECTOR = YES;
				GCC_WARN_UNINITIALIZED_AUTOS = YES_AGGRESSIVE;
				GCC_WARN_UNUSED_FUNCTION = YES;
				GCC_WARN_UNUSED_VARIABLE = YES;
				LOCALIZATION_PREFERS_STRING_CATALOGS = YES;
				MTL_ENABLE_DEBUG_INFO = NO;
				MTL_FAST_MATH = YES;
				SWIFT_COMPILATION_MODE = wholemodule;
			};
			name = Release;
		};
		AD2CC7D72FBCC2040034B9D1 /* Debug */ = {
			isa = XCBuildConfiguration;
			buildSettings = {
				ASSETCATALOG_COMPILER_APPICON_NAME = AppIcon;
				ASSETCATALOG_COMPILER_GLOBAL_ACCENT_COLOR_NAME = AccentColor;
				CLANG_ENABLE_MODULES = YES;
				CODE_SIGN_ENTITLEMENTS = SubsqManager.entitlements;
				CODE_SIGN_STYLE = Automatic;
				CURRENT_PROJECT_VERSION = 1;
				DEVELOPMENT_TEAM = VDR46HR23A;
				ENABLE_APP_SANDBOX = YES;
				ENABLE_PREVIEWS = YES;
				ENABLE_USER_SELECTED_FILES = readonly;
				GENERATE_INFOPLIST_FILE = YES;
				"INFOPLIST_KEY_UIApplicationSceneManifest_Generation[sdk=iphoneos*]" = YES;
				"INFOPLIST_KEY_UIApplicationSceneManifest_Generation[sdk=iphonesimulator*]" = YES;
				"INFOPLIST_KEY_UIApplicationSupportsIndirectInputEvents[sdk=iphoneos*]" = YES;
				"INFOPLIST_KEY_UIApplicationSupportsIndirectInputEvents[sdk=iphonesimulator*]" = YES;
				"INFOPLIST_KEY_UILaunchScreen_Generation[sdk=iphoneos*]" = YES;
				"INFOPLIST_KEY_UILaunchScreen_Generation[sdk=iphonesimulator*]" = YES;
				"INFOPLIST_KEY_UIStatusBarStyle[sdk=iphoneos*]" = UIStatusBarStyleDefault;
				"INFOPLIST_KEY_UIStatusBarStyle[sdk=iphonesimulator*]" = UIStatusBarStyleDefault;
				INFOPLIST_KEY_UISupportedInterfaceOrientations_iPad = "UIInterfaceOrientationPortrait UIInterfaceOrientationPortraitUpsideDown UIInterfaceOrientationLandscapeLeft UIInterfaceOrientationLandscapeRight";
				INFOPLIST_KEY_UISupportedInterfaceOrientations_iPhone = "UIInterfaceOrientationPortrait UIInterfaceOrientationLandscapeLeft UIInterfaceOrientationLandscapeRight";
				IPHONEOS_DEPLOYMENT_TARGET = 26.5;
				LD_RUNPATH_SEARCH_PATHS = "@executable_path/Frameworks";
				"LD_RUNPATH_SEARCH_PATHS[sdk=macosx*]" = "@executable_path/../Frameworks";
				MACOSX_DEPLOYMENT_TARGET = 26.5;
				MARKETING_VERSION = 1.0;
				PRODUCT_BUNDLE_IDENTIFIER = "com.h-morisaki.SubsqManager";
				INFOPLIST_KEY_CFBundleDisplayName = "コテサク";
				INFOPLIST_KEY_CFBundleName = "コテサク-固定費削減/サブスク管理";
				PRODUCT_NAME = "$(TARGET_NAME)";
				REGISTER_APP_GROUPS = YES;
				SDKROOT = auto;
				STRING_CATALOG_GENERATE_SYMBOLS = YES;
				SUPPORTED_PLATFORMS = "iphoneos iphonesimulator macosx xros xrsimulator";
				SWIFT_APPROACHABLE_CONCURRENCY = YES;
				SWIFT_DEFAULT_ACTOR_ISOLATION = MainActor;
				SWIFT_EMIT_LOC_STRINGS = YES;
				SWIFT_OPTIMIZATION_LEVEL = "-Onone";
				SWIFT_UPCOMING_FEATURE_MEMBER_IMPORT_VISIBILITY = YES;
				SWIFT_VERSION = 5.0;
				TARGETED_DEVICE_FAMILY = "1,2,7";
				XROS_DEPLOYMENT_TARGET = 26.5;
			};
			name = Debug;
		};
		AD2CC7D82FBCC2040034B9D1 /* Release */ = {
			isa = XCBuildConfiguration;
			buildSettings = {
				ASSETCATALOG_COMPILER_APPICON_NAME = AppIcon;
				ASSETCATALOG_COMPILER_GLOBAL_ACCENT_COLOR_NAME = AccentColor;
				CLANG_ENABLE_MODULES = YES;
				CODE_SIGN_ENTITLEMENTS = SubsqManager.entitlements;
				CODE_SIGN_STYLE = Automatic;
				CURRENT_PROJECT_VERSION = 1;
				DEVELOPMENT_TEAM = VDR46HR23A;
				ENABLE_APP_SANDBOX = YES;
				ENABLE_PREVIEWS = YES;
				ENABLE_USER_SELECTED_FILES = readonly;
				GENERATE_INFOPLIST_FILE = YES;
				"INFOPLIST_KEY_UIApplicationSceneManifest_Generation[sdk=iphoneos*]" = YES;
				"INFOPLIST_KEY_UIApplicationSceneManifest_Generation[sdk=iphonesimulator*]" = YES;
				"INFOPLIST_KEY_UIApplicationSupportsIndirectInputEvents[sdk=iphoneos*]" = YES;
				"INFOPLIST_KEY_UIApplicationSupportsIndirectInputEvents[sdk=iphonesimulator*]" = YES;
				"INFOPLIST_KEY_UILaunchScreen_Generation[sdk=iphoneos*]" = YES;
				"INFOPLIST_KEY_UILaunchScreen_Generation[sdk=iphonesimulator*]" = YES;
				"INFOPLIST_KEY_UIStatusBarStyle[sdk=iphoneos*]" = UIStatusBarStyleDefault;
				"INFOPLIST_KEY_UIStatusBarStyle[sdk=iphonesimulator*]" = UIStatusBarStyleDefault;
				INFOPLIST_KEY_UISupportedInterfaceOrientations_iPad = "UIInterfaceOrientationPortrait UIInterfaceOrientationPortraitUpsideDown UIInterfaceOrientationLandscapeLeft UIInterfaceOrientationLandscapeRight";
				INFOPLIST_KEY_UISupportedInterfaceOrientations_iPhone = "UIInterfaceOrientationPortrait UIInterfaceOrientationLandscapeLeft UIInterfaceOrientationLandscapeRight";
				IPHONEOS_DEPLOYMENT_TARGET = 26.5;
				LD_RUNPATH_SEARCH_PATHS = "@executable_path/Frameworks";
				"LD_RUNPATH_SEARCH_PATHS[sdk=macosx*]" = "@executable_path/../Frameworks";
				MACOSX_DEPLOYMENT_TARGET = 26.5;
				MARKETING_VERSION = 1.0;
				PRODUCT_BUNDLE_IDENTIFIER = "com.h-morisaki.SubsqManager";
				INFOPLIST_KEY_CFBundleDisplayName = "コテサク";
				INFOPLIST_KEY_CFBundleName = "コテサク-固定費削減/サブスク管理";
				PRODUCT_NAME = "$(TARGET_NAME)";
				REGISTER_APP_GROUPS = YES;
				SDKROOT = auto;
				STRING_CATALOG_GENERATE_SYMBOLS = YES;
				SUPPORTED_PLATFORMS = "iphoneos iphonesimulator macosx xros xrsimulator";
				SWIFT_APPROACHABLE_CONCURRENCY = YES;
				SWIFT_DEFAULT_ACTOR_ISOLATION = MainActor;
				SWIFT_EMIT_LOC_STRINGS = YES;
				SWIFT_UPCOMING_FEATURE_MEMBER_IMPORT_VISIBILITY = YES;
				SWIFT_VERSION = 5.0;
				TARGETED_DEVICE_FAMILY = "1,2,7";
				XROS_DEPLOYMENT_TARGET = 26.5;
			};
			name = Release;
		};
		AD2CC7DA2FBCC2040034B9D1 /* Debug */ = {
			isa = XCBuildConfiguration;
			buildSettings = {
				BUNDLE_LOADER = "$(TEST_HOST)";
				CODE_SIGN_STYLE = Automatic;
				CURRENT_PROJECT_VERSION = 1;
				GENERATE_INFOPLIST_FILE = YES;
				IPHONEOS_DEPLOYMENT_TARGET = 26.5;
				MACOSX_DEPLOYMENT_TARGET = 26.5;
				MARKETING_VERSION = 1.0;
				PRODUCT_BUNDLE_IDENTIFIER = "com.h-morisaki.SubsqManagerTests";
				PRODUCT_NAME = "$(TARGET_NAME)";
				SDKROOT = auto;
				STRING_CATALOG_GENERATE_SYMBOLS = NO;
				SUPPORTED_PLATFORMS = "iphoneos iphonesimulator macosx xros xrsimulator";
				SWIFT_APPROACHABLE_CONCURRENCY = YES;
				SWIFT_EMIT_LOC_STRINGS = NO;
				SWIFT_UPCOMING_FEATURE_MEMBER_IMPORT_VISIBILITY = YES;
				SWIFT_VERSION = 5.0;
				TARGETED_DEVICE_FAMILY = "1,2,7";
				TEST_HOST = "$(BUILT_PRODUCTS_DIR)/SubsqManager.app/$(BUNDLE_EXECUTABLE_FOLDER_PATH)/SubsqManager";
				XROS_DEPLOYMENT_TARGET = 26.5;
			};
			name = Debug;
		};
		AD2CC7DB2FBCC2040034B9D1 /* Release */ = {
			isa = XCBuildConfiguration;
			buildSettings = {
				BUNDLE_LOADER = "$(TEST_HOST)";
				CODE_SIGN_STYLE = Automatic;
				CURRENT_PROJECT_VERSION = 1;
				GENERATE_INFOPLIST_FILE = YES;
				IPHONEOS_DEPLOYMENT_TARGET = 26.5;
				MACOSX_DEPLOYMENT_TARGET = 26.5;
				MARKETING_VERSION = 1.0;
				PRODUCT_BUNDLE_IDENTIFIER = "com.h-morisaki.SubsqManagerTests";
				PRODUCT_NAME = "$(TARGET_NAME)";
				SDKROOT = auto;
				STRING_CATALOG_GENERATE_SYMBOLS = NO;
				SUPPORTED_PLATFORMS = "iphoneos iphonesimulator macosx xros xrsimulator";
				SWIFT_APPROACHABLE_CONCURRENCY = YES;
				SWIFT_EMIT_LOC_STRINGS = NO;
				SWIFT_UPCOMING_FEATURE_MEMBER_IMPORT_VISIBILITY = YES;
				SWIFT_VERSION = 5.0;
				TARGETED_DEVICE_FAMILY = "1,2,7";
				TEST_HOST = "$(BUILT_PRODUCTS_DIR)/SubsqManager.app/$(BUNDLE_EXECUTABLE_FOLDER_PATH)/SubsqManager";
				XROS_DEPLOYMENT_TARGET = 26.5;
			};
			name = Release;
		};
		AD2CC7DD2FBCC2040034B9D1 /* Debug */ = {
			isa = XCBuildConfiguration;
			buildSettings = {
				CODE_SIGN_STYLE = Automatic;
				CURRENT_PROJECT_VERSION = 1;
				GENERATE_INFOPLIST_FILE = YES;
				IPHONEOS_DEPLOYMENT_TARGET = 26.5;
				MACOSX_DEPLOYMENT_TARGET = 26.5;
				MARKETING_VERSION = 1.0;
				PRODUCT_BUNDLE_IDENTIFIER = "com.h-morisaki.SubsqManagerUITests";
				PRODUCT_NAME = "$(TARGET_NAME)";
				SDKROOT = auto;
				STRING_CATALOG_GENERATE_SYMBOLS = NO;
				SUPPORTED_PLATFORMS = "iphoneos iphonesimulator macosx xros xrsimulator";
				SWIFT_APPROACHABLE_CONCURRENCY = YES;
				SWIFT_EMIT_LOC_STRINGS = NO;
				SWIFT_UPCOMING_FEATURE_MEMBER_IMPORT_VISIBILITY = YES;
				SWIFT_VERSION = 5.0;
				TARGETED_DEVICE_FAMILY = "1,2,7";
				TEST_TARGET_NAME = SubsqManager;
				XROS_DEPLOYMENT_TARGET = 26.5;
			};
			name = Debug;
		};
		AD2CC7DE2FBCC2040034B9D1 /* Release */ = {
			isa = XCBuildConfiguration;
			buildSettings = {
				CODE_SIGN_STYLE = Automatic;
				CURRENT_PROJECT_VERSION = 1;
				GENERATE_INFOPLIST_FILE = YES;
				IPHONEOS_DEPLOYMENT_TARGET = 26.5;
				MACOSX_DEPLOYMENT_TARGET = 26.5;
				MARKETING_VERSION = 1.0;
				PRODUCT_BUNDLE_IDENTIFIER = "com.h-morisaki.SubsqManagerUITests";
				PRODUCT_NAME = "$(TARGET_NAME)";
				SDKROOT = auto;
				STRING_CATALOG_GENERATE_SYMBOLS = NO;
				SUPPORTED_PLATFORMS = "iphoneos iphonesimulator macosx xros xrsimulator";
				SWIFT_APPROACHABLE_CONCURRENCY = YES;
				SWIFT_EMIT_LOC_STRINGS = NO;
				SWIFT_UPCOMING_FEATURE_MEMBER_IMPORT_VISIBILITY = YES;
				SWIFT_VERSION = 5.0;
				TARGETED_DEVICE_FAMILY = "1,2,7";
				TEST_TARGET_NAME = SubsqManager;
				XROS_DEPLOYMENT_TARGET = 26.5;
			};
			name = Release;
		};
		AD2CC88C2FBDB0570034B9D1 /* Debug */ = {
			isa = XCBuildConfiguration;
			buildSettings = {
				ASSETCATALOG_COMPILER_GLOBAL_ACCENT_COLOR_NAME = AccentColor;
				ASSETCATALOG_COMPILER_WIDGET_BACKGROUND_COLOR_NAME = WidgetBackground;
				CODE_SIGN_ENTITLEMENTS = SubsqManagerWidgetExtension.entitlements;
				CODE_SIGN_STYLE = Automatic;
				CURRENT_PROJECT_VERSION = 1;
				DEVELOPMENT_TEAM = VDR46HR23A;
				GENERATE_INFOPLIST_FILE = YES;
				INFOPLIST_FILE = SubsqManagerWidget/Info.plist;
				INFOPLIST_KEY_CFBundleDisplayName = "コテサク";
				INFOPLIST_KEY_NSHumanReadableCopyright = "";
				IPHONEOS_DEPLOYMENT_TARGET = 26.5;
				LD_RUNPATH_SEARCH_PATHS = (
					"$(inherited)",
					"@executable_path/Frameworks",
					"@executable_path/../../Frameworks",
				);
				MARKETING_VERSION = 1.0;
				PRODUCT_BUNDLE_IDENTIFIER = "com.h-morisaki.SubsqManager.SubsqManagerWidget";
				PRODUCT_NAME = "$(TARGET_NAME)";
				SDKROOT = iphoneos;
				SKIP_INSTALL = YES;
				STRING_CATALOG_GENERATE_SYMBOLS = YES;
				SWIFT_APPROACHABLE_CONCURRENCY = YES;
				SWIFT_EMIT_LOC_STRINGS = YES;
				SWIFT_UPCOMING_FEATURE_MEMBER_IMPORT_VISIBILITY = YES;
				SWIFT_VERSION = 5.0;
				TARGETED_DEVICE_FAMILY = "1,2";
			};
			name = Debug;
		};
		AD2CC88D2FBDB0570034B9D1 /* Release */ = {
			isa = XCBuildConfiguration;
			buildSettings = {
				ASSETCATALOG_COMPILER_GLOBAL_ACCENT_COLOR_NAME = AccentColor;
				ASSETCATALOG_COMPILER_WIDGET_BACKGROUND_COLOR_NAME = WidgetBackground;
				CODE_SIGN_ENTITLEMENTS = SubsqManagerWidgetExtension.entitlements;
				CODE_SIGN_STYLE = Automatic;
				CURRENT_PROJECT_VERSION = 1;
				DEVELOPMENT_TEAM = VDR46HR23A;
				GENERATE_INFOPLIST_FILE = YES;
				INFOPLIST_FILE = SubsqManagerWidget/Info.plist;
				INFOPLIST_KEY_CFBundleDisplayName = "コテサク";
				INFOPLIST_KEY_NSHumanReadableCopyright = "";
				IPHONEOS_DEPLOYMENT_TARGET = 26.5;
				LD_RUNPATH_SEARCH_PATHS = (
					"$(inherited)",
					"@executable_path/Frameworks",
					"@executable_path/../../Frameworks",
				);
				MARKETING_VERSION = 1.0;
				PRODUCT_BUNDLE_IDENTIFIER = "com.h-morisaki.SubsqManager.SubsqManagerWidget";
				PRODUCT_NAME = "$(TARGET_NAME)";
				SDKROOT = iphoneos;
				SKIP_INSTALL = YES;
				STRING_CATALOG_GENERATE_SYMBOLS = YES;
				SWIFT_APPROACHABLE_CONCURRENCY = YES;
				SWIFT_EMIT_LOC_STRINGS = YES;
				SWIFT_UPCOMING_FEATURE_MEMBER_IMPORT_VISIBILITY = YES;
				SWIFT_VERSION = 5.0;
				TARGETED_DEVICE_FAMILY = "1,2";
				VALIDATE_PRODUCT = YES;
			};
			name = Release;
		};
/* End XCBuildConfiguration section */

/* Begin XCConfigurationList section */
		AD2CC7AE2FBCC2020034B9D1 /* Build configuration list for PBXProject "SubsqManager" */ = {
			isa = XCConfigurationList;
			buildConfigurations = (
				AD2CC7D42FBCC2040034B9D1 /* Debug */,
				AD2CC7D52FBCC2040034B9D1 /* Release */,
			);
			defaultConfigurationIsVisible = 0;
			defaultConfigurationName = Release;
		};
		AD2CC7D62FBCC2040034B9D1 /* Build configuration list for PBXNativeTarget "SubsqManager" */ = {
			isa = XCConfigurationList;
			buildConfigurations = (
				AD2CC7D72FBCC2040034B9D1 /* Debug */,
				AD2CC7D82FBCC2040034B9D1 /* Release */,
			);
			defaultConfigurationIsVisible = 0;
			defaultConfigurationName = Release;
		};
		AD2CC7D92FBCC2040034B9D1 /* Build configuration list for PBXNativeTarget "SubsqManagerTests" */ = {
			isa = XCConfigurationList;
			buildConfigurations = (
				AD2CC7DA2FBCC2040034B9D1 /* Debug */,
				AD2CC7DB2FBCC2040034B9D1 /* Release */,
			);
			defaultConfigurationIsVisible = 0;
			defaultConfigurationName = Release;
		};
		AD2CC7DC2FBCC2040034B9D1 /* Build configuration list for PBXNativeTarget "SubsqManagerUITests" */ = {
			isa = XCConfigurationList;
			buildConfigurations = (
				AD2CC7DD2FBCC2040034B9D1 /* Debug */,
				AD2CC7DE2FBCC2040034B9D1 /* Release */,
			);
			defaultConfigurationIsVisible = 0;
			defaultConfigurationName = Release;
		};
		AD2CC88B2FBDB0570034B9D1 /* Build configuration list for PBXNativeTarget "SubsqManagerWidgetExtension" */ = {
			isa = XCConfigurationList;
			buildConfigurations = (
				AD2CC88C2FBDB0570034B9D1 /* Debug */,
				AD2CC88D2FBDB0570034B9D1 /* Release */,
			);
			defaultConfigurationIsVisible = 0;
			defaultConfigurationName = Release;
		};
/* End XCConfigurationList section */
	};
	rootObject = AD2CC7AB2FBCC2020034B9D1 /* Project object */;
}
